
Microsoft Visual Studio Solution File, Format Version 12.00
# Visual Studio 15
Project("{FAE04EC0-301F-11D3-BF4B-00C04F79EFBC}") = "Assembly-CSharp", "Assembly-CSharp.csproj", "{8261D68F-E1BA-B9EE-95EE-939BB71F6E6E}"
EndProject
Project("{FAE04EC0-301F-11D3-BF4B-00C04F79EFBC}") = "Assembly-CSharp-Editor", "Assembly-CSharp-Editor.csproj", "{3052EA28-ADEF-AF7B-2174-E0B01FA69E28}"
EndProject
Global
	GlobalSection(SolutionConfigurationPlatforms) = preSolution
		Debug|Any CPU = Debug|Any CPU
		Release|Any CPU = Release|Any CPU
	EndGlobalSection
	GlobalSection(ProjectConfigurationPlatforms) = postSolution
		{8261D68F-E1BA-B9EE-95EE-939BB71F6E6E}.Debug|Any CPU.ActiveCfg = Debug|Any CPU
		{8261D68F-E1BA-B9EE-95EE-939BB71F6E6E}.Debug|Any CPU.Build.0 = Debug|Any CPU
		{8261D68F-E1BA-B9EE-95EE-939BB71F6E6E}.Release|Any CPU.ActiveCfg = Release|Any CPU
		{8261D68F-E1BA-B9EE-95EE-939BB71F6E6E}.Release|Any CPU.Build.0 = Release|Any CPU
		{3052EA28-ADEF-AF7B-2174-E0B01FA69E28}.Debug|Any CPU.ActiveCfg = Debug|Any CPU
		{3052EA28-ADEF-AF7B-2174-E0B01FA69E28}.Debug|Any CPU.Build.0 = Debug|Any CPU
		{3052EA28-ADEF-AF7B-2174-E0B01FA69E28}.Release|Any CPU.ActiveCfg = Release|Any CPU
		{3052EA28-ADEF-AF7B-2174-E0B01FA69E28}.Release|Any CPU.Build.0 = Release|Any CPU
	EndGlobalSection
	GlobalSection(SolutionProperties) = preSolution
		HideSolutionNode = FALSE
	EndGlobalSection
EndGlobal
